{
  "name": "client",
  "lockfileVersion": 3,
  "requires": true,
  "packages": {
    "": {
      "dependencies": {
        "server": "file:.."
      }
    },
    "..": {
      "version": "1.0.0",
      "license": "ISC",
      "dependencies": {
        "@fastify/cookie": "^11.0.2",
        "@fastify/cors": "^11.2.0",
        "@fastify/jwt": "^10.0.0",
        "@fastify/multipart": "^9.4.0",
        "@fastify/static": "^9.0.0",
        "bcrypt": "^6.0.0",
        "bcryptjs": "^3.0.3",
        "dotenv": "^17.3.1",
        "fastify": "^5.8.4",
        "mysql2": "^3.20.0",
        "pg": "^8.20.0"
      },
      "devDependencies": {
        "@prisma/client": "^6.4.1",
        "nodemon": "^3.1.14",
        "prisma": "^6.4.1"
      }
    },
    "node_modules/server": {
      "resolved": "..",
      "link": true
    }
  }
}
